// !$*UTF8*$!
{
	archiveVersion = 1;
	classes = {
	};
	objectVersion = 48;
	objects = {

/* Begin PBXBuildFile section */
		2435CFF0211420E0008D64CC /* AppDelegate.m in Sources */ = {isa = PBXBuildFile; fileRef = 2435CFEF211420E0008D64CC /* AppDelegate.m */; };
		2435CFF5211420E0008D64CC /* Assets.xcassets in Resources */ = {isa = PBXBuildFile; fileRef = 2435CFF4211420E0008D64CC /* Assets.xcassets */; };
		2435CFF8211420E0008D64CC /* Main.storyboard in Resources */ = {isa = PBXBuildFile; fileRef = 2435CFF6211420E0008D64CC /* Main.storyboard */; };
		2435CFFB211420E0008D64CC /* main.m in Sources */ = {isa = PBXBuildFile; fileRef = 2435CFFA211420E0008D64CC /* main.m */; };
/* End PBXBuildFile section */

/* Begin PBXFileReference section */
		2435CFEB211420E0008D64CC /* Metal_02_texture.app */ = {isa = PBXFileReference; explicitFileType = wrapper.application; includeInIndex = 0; path = Metal_02_texture.app; sourceTree = BUILT_PRODUCTS_DIR; };
		2435CFEE211420E0008D64CC /* AppDelegate.h */ = {isa = PBXFileReference; lastKnownFileType = sourcecode.c.h; path = AppDelegate.h; sourceTree = "<group>"; };
		2435CFEF211420E0008D64CC /* AppDelegate.m */ = {isa = PBXFileReference; lastKnownFileType = sourcecode.c.objc; path = AppDelegate.m; sourceTree = "<group>"; };
		2435CFF4211420E0008D64CC /* Assets.xcassets */ = {isa = PBXFileReference; lastKnownFileType = folder.assetcatalog; path = Assets.xcassets; sourceTree = "<group>"; };
		2435CFF7211420E0008D64CC /* Base */ = {isa = PBXFileReference; lastKnownFileType = file.storyboard; name = Base; path = Base.lproj/Main.storyboard; sourceTree = "<group>"; };
		2435CFF9211420E0008D64CC /* Info.plist */ = {isa = PBXFileReference; lastKnownFileType = text.plist.xml; path = Info.plist; sourceTree = "<group>"; };
		2435CFFA211420E0008D64CC /* main.m */ = {isa = PBXFileReference; lastKnownFileType = sourcecode.c.objc; path = main.m; sourceTree = "<group>"; };
		2435CFFC211420E0008D64CC /* Metal_02_texture.entitlements */ = {isa = PBXFileReference; lastKnownFileType = text.plist.entitlements; path = Metal_02_texture.entitlements; sourceTree = "<group>"; };
/* End PBXFileReference section */

/* Begin PBXFrameworksBuildPhase section */
		2435CFE8211420E0008D64CC /* Frameworks */ = {
			isa = PBXFrameworksBuildPhase;
			buildActionMask = 2147483647;
			files = (
			);
			runOnlyForDeploymentPostprocessing = 0;
		};
/* End PBXFrameworksBuildPhase section */

/* Begin PBXGroup section */
		2435CFE2211420E0008D64CC = {
			isa = PBXGroup;
			children = (
				2435CFED211420E0008D64CC /* Metal_02_texture */,
				2435CFEC211420E0008D64CC /* Products */,
			);
			sourceTree = "<group>";
		};
		2435CFEC211420E0008D64CC /* Products */ = {
			isa = PBXGroup;
			children = (
				2435CFEB211420E0008D64CC /* Metal_02_texture.app */,
			);
			name = Products;
			sourceTree = "<group>";
		};
		2435CFED211420E0008D64CC /* Metal_02_texture */ = {
			isa = PBXGroup;
			children = (
				2435CFEE211420E0008D64CC /* AppDelegate.h */,
				2435CFEF211420E0008D64CC /* AppDelegate.m */,
				2435CFF4211420E0008D64CC /* Assets.xcassets */,
				2435CFF6211420E0008D64CC /* Main.storyboard */,
				2435CFF9211420E0008D64CC /* Info.plist */,
				2435CFFA211420E0008D64CC /* main.m */,
				2435CFFC211420E0008D64CC /* Metal_02_texture.entitlements */,
			);
			path = Metal_02_texture;
			sourceTree = "<group>";
		};
/* End PBXGroup section */

/* Begin PBXNativeTarget section */
		2435CFEA211420E0008D64CC /* Metal_02_texture */ = {
			isa = PBXNativeTarget;
			buildConfigurationList = 2435CFFF211420E0008D64CC /* Build configuration list for PBXNativeTarget "Metal_02_texture" */;
			buildPhases = (
				2435CFE7211420E0008D64CC /* Sources */,
				2435CFE8211420E0008D64CC /* Frameworks */,
				2435CFE9211420E0008D64CC /* Resources */,
			);
			buildRules = (
			);
			dependencies = (
			);
			name = Metal_02_texture;
			productName = Metal_02_texture;
			productReference = 2435CFEB211420E0008D64CC /* Metal_02_texture.app */;
			productType = "com.apple.product-type.application";
		};
/* End PBXNativeTarget section */

/* Begin PBXProject section */
		2435CFE3211420E0008D64CC /* Project object */ = {
			isa = PBXProject;
			attributes = {
				LastUpgradeCheck = 0910;
				ORGANIZATIONNAME = ZHK;
				TargetAttributes = {
					2435CFEA211420E0008D64CC = {
						CreatedOnToolsVersion = 9.1;
						ProvisioningStyle = Automatic;
					};
				};
			};
			buildConfigurationList = 2435CFE6211420E0008D64CC /* Build configuration list for PBXProject "Metal_02_texture" */;
			compatibilityVersion = "Xcode 8.0";
			developmentRegion = en;
			hasScannedForEncodings = 0;
			knownRegions = (
				en,
				Base,
			);
			mainGroup = 2435CFE2211420E0008D64CC;
			productRefGroup = 2435CFEC211420E0008D64CC /* Products */;
			projectDirPath = "";
			projectRoot = "";
			targets = (
				2435CFEA211420E0008D64CC /* Metal_02_texture */,
			);
		};
/* End PBXProject section */

/* Begin PBXResourcesBuildPhase section */
		2435CFE9211420E0008D64CC /* Resources */ = {
			isa = PBXResourcesBuildPhase;
			buildActionMask = 2147483647;
			files = (
				2435CFF5211420E0008D64CC /* Assets.xcassets in Resources */,
				2435CFF8211420E0008D64CC /* Main.storyboard in Resources */,
			);
			runOnlyForDeploymentPostprocessing = 0;
		};
/* End PBXResourcesBuildPhase section */

/* Begin PBXSourcesBuildPhase section */
		2435CFE7211420E0008D64CC /* Sources */ = {
			isa = PBXSourcesBuildPhase;
			buildActionMask = 2147483647;
			files = (
				2435CFFB211420E0008D64CC /* main.m in Sources */,
				2435CFF0211420E0008D64CC /* AppDelegate.m in Sources */,
			);
			runOnlyForDeploymentPostprocessing = 0;
		};
/* End PBXSourcesBuildPhase section */

/* Begin PBXVariantGroup section */
		2435CFF6211420E0008D64CC /* Main.storyboard */ = {
			isa = PBXVariantGroup;
			children = (
				2435CFF7211420E0008D64CC /* Base */,
			);
			name = Main.storyboard;
			sourceTree = "<group>";
		};
/* End PBXVariantGroup section */

/* Begin XCBuildConfiguration section */
		2435CFFD211420E0008D64CC /* Debug */ = {
			isa = XCBuildConfiguration;
			buildSettings = {
				ALWAYS_SEARCH_USER_PATHS = NO;
				CLANG_ANALYZER_NONNULL = YES;
				CLANG_ANALYZER_NUMBER_OBJECT_CONVERSION = YES_AGGRESSIVE;
				CLANG_CXX_LANGUAGE_STANDARD = "gnu++14";
				CLANG_CXX_LIBRARY = "libc++";
				CLANG_ENABLE_MODULES = YES;
				CLANG_ENABLE_OBJC_ARC = YES;
				CLANG_WARN_BLOCK_CAPTURE_AUTORELEASING = YES;
				CLANG_WARN_BOOL_CONVERSION = YES;
				CLANG_WARN_COMMA = YES;
				CLANG_WARN_CONSTANT_CONVERSION = YES;
				CLANG_WARN_DIRECT_OBJC_ISA_USAGE = YES_ERROR;
				CLANG_WARN_DOCUMENTATION_COMMENTS = YES;
				CLANG_WARN_EMPTY_BODY = YES;
				CLANG_WARN_ENUM_CONVERSION = YES;
				CLANG_WARN_INFINITE_RECURSION = YES;
				CLANG_WARN_INT_CONVERSION = YES;
				CLANG_WARN_NON_LITERAL_NULL_CONVERSION = YES;
				CLANG_WARN_OBJC_LITERAL_CONVERSION = YES;
				CLANG_WARN_OBJC_ROOT_CLASS = YES_ERROR;
				CLANG_WARN_RANGE_LOOP_ANALYSIS = YES;
				CLANG_WARN_STRICT_PROTOTYPES = YES;
				CLANG_WARN_SUSPICIOUS_MOVE = YES;
				CLANG_WARN_UNGUARDED_AVAILABILITY = YES_AGGRESSIVE;
				CLANG_WARN_UNREACHABLE_CODE = YES;
				CLANG_WARN__DUPLICATE_METHOD_MATCH = YES;
				CODE_SIGN_IDENTITY = "Mac Developer";
				COPY_PHASE_STRIP = NO;
				DEBUG_INFORMATION_FORMAT = dwarf;
				ENABLE_STRICT_OBJC_MSGSEND = YES;
				ENABLE_TESTABILITY = YES;
				GCC_C_LANGUAGE_STANDARD = gnu11;
				GCC_DYNAMIC_NO_PIC = NO;
				GCC_NO_COMMON_BLOCKS = YES;
				GCC_OPTIMIZATION_LEVEL = 0;
				GCC_PREPROCESSOR_DEFINITIONS = (
					"DEBUG=1",
					"$(inherited)",
				);
				GCC_WARN_64_TO_32_BIT_CONVERSION = YES;
				GCC_WARN_ABOUT_RETURN_TYPE = YES_ERROR;
				GCC_WARN_UNDECLARED_SELECTOR = YES;
				GCC_WARN_UNINITIALIZED_AUTOS = YES_AGGRESSIVE;
				GCC_WARN_UNUSED_FUNCTION = YES;
				GCC_WARN_UNUSED_VARIABLE = YES;
				MACOSX_DEPLOYMENT_TARGET = 10.12;
				MTL_ENABLE_DEBUG_INFO = YES;
				ONLY_ACTIVE_ARCH = YES;
				SDKROOT = macosx;
			};
			name = Debug;
		};
		2435CFFE211420E0008D64CC /* Release */ = {
			isa = XCBuildConfiguration;
			buildSettings = {
				ALWAYS_SEARCH_USER_PATHS = NO;
				CLANG_ANALYZER_NONNULL = YES;
				CLANG_ANALYZER_NUMBER_OBJECT_CONVERSION = YES_AGGRESSIVE;
				CLANG_CXX_LANGUAGE_STANDARD = "gnu++14";
				CLANG_CXX_LIBRARY = "libc++";
				CLANG_ENABLE_MODULES = YES;
				CLANG_ENABLE_OBJC_ARC = YES;
				CLANG_WARN_BLOCK_CAPTURE_AUTORELEASING = YES;
				CLANG_WARN_BOOL_CONVERSION = YES;
				CLANG_WARN_COMMA = YES;
				CLANG_WARN_CONSTANT_CONVERSION = YES;
				CLANG_WARN_DIRECT_OBJC_ISA_USAGE = YES_ERROR;
				CLANG_WARN_DOCUMENTATION_COMMENTS = YES;
				CLANG_WARN_EMPTY_BODY = YES;
				CLANG_WARN_ENUM_CONVERSION = YES;
				CLANG_WARN_INFINITE_RECURSION = YES;
				CLANG_WARN_INT_CONVERSION = YES;
				CLANG_WARN_NON_LITERAL_NULL_CONVERSION = YES;
				CLANG_WARN_OBJC_LITERAL_CONVERSION = YES;
				CLANG_WARN_OBJC_ROOT_CLASS = YES_ERROR;
				CLANG_WARN_RANGE_LOOP_ANALYSIS = YES;
				CLANG_WARN_STRICT_PROTOTYPES = YES;
				CLANG_WARN_SUSPICIOUS_MOVE = YES;
				CLANG_WARN_UNGUARDED_AVAILABILITY = YES_AGGRESSIVE;
				CLANG_WARN_UNREACHABLE_CODE = YES;
				CLANG_WARN__DUPLICATE_METHOD_MATCH = YES;
				CODE_SIGN_IDENTITY = "Mac Developer";
				COPY_PHASE_STRIP = NO;
				DEBUG_INFORMATION_FORMAT = "dwarf-with-dsym";
				ENABLE_NS_ASSERTIONS = NO;
				ENABLE_STRICT_OBJC_MSGSEND = YES;
				GCC_C_LANGUAGE_STANDARD = gnu11;
				GCC_NO_COMMON_BLOCKS = YES;
				GCC_WARN_64_TO_32_BIT_CONVERSION = YES;
				GCC_WARN_ABOUT_RETURN_TYPE = YES_ERROR;
				GCC_WARN_UNDECLARED_SELECTOR = YES;
				GCC_WARN_UNINITIALIZED_AUTOS = YES_AGGRESSIVE;
				GCC_WARN_UNUSED_FUNCTION = YES;
				GCC_WARN_UNUSED_VARIABLE = YES;
				MACOSX_DEPLOYMENT_TARGET = 10.12;
				MTL_ENABLE_DEBUG_INFO = NO;
				SDKROOT = macosx;
			};
			name = Release;
		};
		2435D000211420E0008D64CC /* Debug */ = {
			isa = XCBuildConfiguration;
			buildSettings = {
				ASSETCATALOG_COMPILER_APPICON_NAME = AppIcon;
				CODE_SIGN_ENTITLEMENTS = Metal_02_texture/Metal_02_texture.entitlements;
				CODE_SIGN_STYLE = Automatic;
				COMBINE_HIDPI_IMAGES = YES;
				DEVELOPMENT_TEAM = 9K5P26QDPB;
				INFOPLIST_FILE = Metal_02_texture/Info.plist;
				LD_RUNPATH_SEARCH_PATHS = "$(inherited) @executable_path/../Frameworks";
				PRODUCT_BUNDLE_IDENTIFIER = "ZHK.Metal-02-texture";
				PRODUCT_NAME = "$(TARGET_NAME)";
			};
			name = Debug;
		};
		2435D001211420E0008D64CC /* Release */ = {
			isa = XCBuildConfiguration;
			buildSettings = {
				ASSETCATALOG_COMPILER_APPICON_NAME = AppIcon;
				CODE_SIGN_ENTITLEMENTS = Metal_02_texture/Metal_02_texture.entitlements;
				CODE_SIGN_STYLE = Automatic;
				COMBINE_HIDPI_IMAGES = YES;
				DEVELOPMENT_TEAM = 9K5P26QDPB;
				INFOPLIST_FILE = Metal_02_texture/Info.plist;
				LD_RUNPATH_SEARCH_PATHS = "$(inherited) @executable_path/../Frameworks";
				PRODUCT_BUNDLE_IDENTIFIER = "ZHK.Metal-02-texture";
				PRODUCT_NAME = "$(TARGET_NAME)";
			};
			name = Release;
		};
/* End XCBuildConfiguration section */

/* Begin XCConfigurationList section */
		2435CFE6211420E0008D64CC /* Build configuration list for PBXProject "Metal_02_texture" */ = {
			isa = XCConfigurationList;
			buildConfigurations = (
				2435CFFD211420E0008D64CC /* Debug */,
				2435CFFE211420E0008D64CC /* Release */,
			);
			defaultConfigurationIsVisible = 0;
			defaultConfigurationName = Release;
		};
		2435CFFF211420E0008D64CC /* Build configuration list for PBXNativeTarget "Metal_02_texture" */ = {
			isa = XCConfigurationList;
			buildConfigurations = (
				2435D000211420E0008D64CC /* Debug */,
				2435D001211420E0008D64CC /* Release */,
			);
			defaultConfigurationIsVisible = 0;
			defaultConfigurationName = Release;
		};
/* End XCConfigurationList section */
	};
	rootObject = 2435CFE3211420E0008D64CC /* Project object */;
}
